
Microsoft Visual Studio Solution File, Format Version 12.00
# Visual Studio Version 17
VisualStudioVersion = 17.2.32602.215
MinimumVisualStudioVersion = 10.0.40219.1
Project("{FAE04EC0-301F-11D3-BF4B-00C04F79EFBC}") = "AndelaDemo", "AndelaDemo\AndelaDemo.csproj", "{DB021A42-EEC1-4483-A329-1F89C282C784}"
EndProject
Global
	GlobalSection(SolutionConfigurationPlatforms) = preSolution
		Debug|Any CPU = Debug|Any CPU
		Release|Any CPU = Release|Any CPU
	EndGlobalSection
	GlobalSection(ProjectConfigurationPlatforms) = postSolution
		{DB021A42-EEC1-4483-A329-1F89C282C784}.Debug|Any CPU.ActiveCfg = Debug|Any CPU
		{DB021A42-EEC1-4483-A329-1F89C282C784}.Debug|Any CPU.Build.0 = Debug|Any CPU
		{DB021A42-EEC1-4483-A329-1F89C282C784}.Release|Any CPU.ActiveCfg = Release|Any CPU
		{DB021A42-EEC1-4483-A329-1F89C282C784}.Release|Any CPU.Build.0 = Release|Any CPU
	EndGlobalSection
	GlobalSection(SolutionProperties) = preSolution
		HideSolutionNode = FALSE
	EndGlobalSection
	GlobalSection(ExtensibilityGlobals) = postSolution
		SolutionGuid = {2D532404-EC7F-44A6-A35B-1D642BFA49AE}
	EndGlobalSection
EndGlobal
